
Microsoft Visual Studio Solution File, Format Version 12.00
# Visual Studio Version 17
VisualStudioVersion = 17.11.35312.102
MinimumVisualStudioVersion = 10.0.40219.1
Project("{FAE04EC0-301F-11D3-BF4B-00C04F79EFBC}") = "ServiciosBack", "ServiciosBack.csproj", "{9FB8A92B-3B1F-42B8-AC8D-ECB7B5CB141B}"
EndProject
Project("{FAE04EC0-301F-11D3-BF4B-00C04F79EFBC}") = "ServicioAPI", "..\ServicioAPI\ServicioAPI.csproj", "{C7F36603-90FC-46A5-9544-9140955C41D7}"
EndProject
Global
	GlobalSection(SolutionConfigurationPlatforms) = preSolution
		Debug|Any CPU = Debug|Any CPU
		Release|Any CPU = Release|Any CPU
	EndGlobalSection
	GlobalSection(ProjectConfigurationPlatforms) = postSolution
		{9FB8A92B-3B1F-42B8-AC8D-ECB7B5CB141B}.Debug|Any CPU.ActiveCfg = Debug|Any CPU
		{9FB8A92B-3B1F-42B8-AC8D-ECB7B5CB141B}.Debug|Any CPU.Build.0 = Debug|Any CPU
		{9FB8A92B-3B1F-42B8-AC8D-ECB7B5CB141B}.Release|Any CPU.ActiveCfg = Release|Any CPU
		{9FB8A92B-3B1F-42B8-AC8D-ECB7B5CB141B}.Release|Any CPU.Build.0 = Release|Any CPU
		{C7F36603-90FC-46A5-9544-9140955C41D7}.Debug|Any CPU.ActiveCfg = Debug|Any CPU
		{C7F36603-90FC-46A5-9544-9140955C41D7}.Debug|Any CPU.Build.0 = Debug|Any CPU
		{C7F36603-90FC-46A5-9544-9140955C41D7}.Release|Any CPU.ActiveCfg = Release|Any CPU
		{C7F36603-90FC-46A5-9544-9140955C41D7}.Release|Any CPU.Build.0 = Release|Any CPU
	EndGlobalSection
	GlobalSection(SolutionProperties) = preSolution
		HideSolutionNode = FALSE
	EndGlobalSection
	GlobalSection(ExtensibilityGlobals) = postSolution
		SolutionGuid = {DD0249AA-2BCE-4E2D-8073-79AF64DA5A71}
	EndGlobalSection
EndGlobal
